
Microsoft Visual Studio Solution File, Format Version 12.00
# Visual Studio 14
VisualStudioVersion = 14.0.25123.0
MinimumVisualStudioVersion = 10.0.40219.1
Project("{8BC9CEB8-8B4A-11D0-8D11-00A0C91BC942}") = "test1", "test1\test1.vcxproj", "{F9347BE9-4175-4B00-B70F-DF4867B12FF9}"
EndProject
Global
	GlobalSection(SolutionConfigurationPlatforms) = preSolution
		Debug|x86 = Debug|x86
		Release|x86 = Release|x86
	EndGlobalSection
	GlobalSection(ProjectConfigurationPlatforms) = postSolution
		{F9347BE9-4175-4B00-B70F-DF4867B12FF9}.Debug|x86.ActiveCfg = Debug|Win32
		{F9347BE9-4175-4B00-B70F-DF4867B12FF9}.Debug|x86.Build.0 = Debug|Win32
		{F9347BE9-4175-4B00-B70F-DF4867B12FF9}.Debug|x86.Deploy.0 = Debug|Win32
		{F9347BE9-4175-4B00-B70F-DF4867B12FF9}.Release|x86.ActiveCfg = Release|Win32
		{F9347BE9-4175-4B00-B70F-DF4867B12FF9}.Release|x86.Build.0 = Release|Win32
		{F9347BE9-4175-4B00-B70F-DF4867B12FF9}.Release|x86.Deploy.0 = Release|Win32
	EndGlobalSection
	GlobalSection(SolutionProperties) = preSolution
		HideSolutionNode = FALSE
	EndGlobalSection
EndGlobal
